// !$*UTF8*$!
{
	archiveVersion = 1;
	classes = {
	};
	objectVersion = 56;
	objects = {

/* Begin PBXBuildFile section */
		E328A9F428D657CE0052A7FD /* AppDelegate.swift in Sources */ = {isa = PBXBuildFile; fileRef = E328A9F328D657CE0052A7FD /* AppDelegate.swift */; };
		E328A9F628D657CE0052A7FD /* SceneDelegate.swift in Sources */ = {isa = PBXBuildFile; fileRef = E328A9F528D657CE0052A7FD /* SceneDelegate.swift */; };
		E328A9F828D657CE0052A7FD /* ViewController.swift in Sources */ = {isa = PBXBuildFile; fileRef = E328A9F728D657CE0052A7FD /* ViewController.swift */; };
		E328A9FB28D657CE0052A7FD /* Main.storyboard in Resources */ = {isa = PBXBuildFile; fileRef = E328A9F928D657CE0052A7FD /* Main.storyboard */; };
		E328A9FD28D657D20052A7FD /* Assets.xcassets in Resources */ = {isa = PBXBuildFile; fileRef = E328A9FC28D657D20052A7FD /* Assets.xcassets */; };
		E328AA0028D657D20052A7FD /* LaunchScreen.storyboard in Resources */ = {isa = PBXBuildFile; fileRef = E328A9FE28D657D20052A7FD /* LaunchScreen.storyboard */; };
		E328AA0928D661B90052A7FD /* UIColor+Hex.swift in Sources */ = {isa = PBXBuildFile; fileRef = E328AA0828D661B90052A7FD /* UIColor+Hex.swift */; };
		E328AA0B28D662A00052A7FD /* String+Random.swift in Sources */ = {isa = PBXBuildFile; fileRef = E328AA0A28D662A00052A7FD /* String+Random.swift */; };
/* End PBXBuildFile section */

/* Begin PBXFileReference section */
		E328A9F028D657CE0052A7FD /* dopasiletskiyPW1.app */ = {isa = PBXFileReference; explicitFileType = wrapper.application; includeInIndex = 0; path = dopasiletskiyPW1.app; sourceTree = BUILT_PRODUCTS_DIR; };
		E328A9F328D657CE0052A7FD /* AppDelegate.swift */ = {isa = PBXFileReference; lastKnownFileType = sourcecode.swift; path = AppDelegate.swift; sourceTree = "<group>"; };
		E328A9F528D657CE0052A7FD /* SceneDelegate.swift */ = {isa = PBXFileReference; lastKnownFileType = sourcecode.swift; path = SceneDelegate.swift; sourceTree = "<group>"; };
		E328A9F728D657CE0052A7FD /* ViewController.swift */ = {isa = PBXFileReference; lastKnownFileType = sourcecode.swift; path = ViewController.swift; sourceTree = "<group>"; };
		E328A9FA28D657CE0052A7FD /* Base */ = {isa = PBXFileReference; lastKnownFileType = file.storyboard; name = Base; path = Base.lproj/Main.storyboard; sourceTree = "<group>"; };
		E328A9FC28D657D20052A7FD /* Assets.xcassets */ = {isa = PBXFileReference; lastKnownFileType = folder.assetcatalog; path = Assets.xcassets; sourceTree = "<group>"; };
		E328A9FF28D657D20052A7FD /* Base */ = {isa = PBXFileReference; lastKnownFileType = file.storyboard; name = Base; path = Base.lproj/LaunchScreen.storyboard; sourceTree = "<group>"; };
		E328AA0128D657D20052A7FD /* Info.plist */ = {isa = PBXFileReference; lastKnownFileType = text.plist.xml; path = Info.plist; sourceTree = "<group>"; };
		E328AA0828D661B90052A7FD /* UIColor+Hex.swift */ = {isa = PBXFileReference; lastKnownFileType = sourcecode.swift; path = "UIColor+Hex.swift"; sourceTree = "<group>"; };
		E328AA0A28D662A00052A7FD /* String+Random.swift */ = {isa = PBXFileReference; lastKnownFileType = sourcecode.swift; path = "String+Random.swift"; sourceTree = "<group>"; };
/* End PBXFileReference section */

/* Begin PBXFrameworksBuildPhase section */
		E328A9ED28D657CE0052A7FD /* Frameworks */ = {
			isa = PBXFrameworksBuildPhase;
			buildActionMask = 2147483647;
			files = (
			);
			runOnlyForDeploymentPostprocessing = 0;
		};
/* End PBXFrameworksBuildPhase section */

/* Begin PBXGroup section */
		E328A9E728D657CE0052A7FD = {
			isa = PBXGroup;
			children = (
				E328A9F228D657CE0052A7FD /* dopasiletskiyPW1 */,
				E328A9F128D657CE0052A7FD /* Products */,
			);
			sourceTree = "<group>";
		};
		E328A9F128D657CE0052A7FD /* Products */ = {
			isa = PBXGroup;
			children = (
				E328A9F028D657CE0052A7FD /* dopasiletskiyPW1.app */,
			);
			name = Products;
			sourceTree = "<group>";
		};
		E328A9F228D657CE0052A7FD /* dopasiletskiyPW1 */ = {
			isa = PBXGroup;
			children = (
				E328AA0728D6618F0052A7FD /* Extension */,
				E328A9F328D657CE0052A7FD /* AppDelegate.swift */,
				E328A9F528D657CE0052A7FD /* SceneDelegate.swift */,
				E328A9F728D657CE0052A7FD /* ViewController.swift */,
				E328A9F928D657CE0052A7FD /* Main.storyboard */,
				E328A9FC28D657D20052A7FD /* Assets.xcassets */,
				E328A9FE28D657D20052A7FD /* LaunchScreen.storyboard */,
				E328AA0128D657D20052A7FD /* Info.plist */,
			);
			path = dopasiletskiyPW1;
			sourceTree = "<group>";
		};
		E328AA0728D6618F0052A7FD /* Extension */ = {
			isa = PBXGroup;
			children = (
				E328AA0828D661B90052A7FD /* UIColor+Hex.swift */,
				E328AA0A28D662A00052A7FD /* String+Random.swift */,
			);
			path = Extension;
			sourceTree = "<group>";
		};
/* End PBXGroup section */

/* Begin PBXNativeTarget section */
		E328A9EF28D657CE0052A7FD /* dopasiletskiyPW1 */ = {
			isa = PBXNativeTarget;
			buildConfigurationList = E328AA0428D657D20052A7FD /* Build configuration list for PBXNativeTarget "dopasiletskiyPW1" */;
			buildPhases = (
				E328A9EC28D657CE0052A7FD /* Sources */,
				E328A9ED28D657CE0052A7FD /* Frameworks */,
				E328A9EE28D657CE0052A7FD /* Resources */,
			);
			buildRules = (
			);
			dependencies = (
			);
			name = dopasiletskiyPW1;
			productName = dopasiletskiyPW1;
			productReference = E328A9F028D657CE0052A7FD /* dopasiletskiyPW1.app */;
			productType = "com.apple.product-type.application";
		};
/* End PBXNativeTarget section */

/* Begin PBXProject section */
		E328A9E828D657CE0052A7FD /* Project object */ = {
			isa = PBXProject;
			attributes = {
				BuildIndependentTargetsInParallel = 1;
				LastSwiftUpdateCheck = 1400;
				LastUpgradeCheck = 1400;
				TargetAttributes = {
					E328A9EF28D657CE0052A7FD = {
						CreatedOnToolsVersion = 14.0;
					};
				};
			};
			buildConfigurationList = E328A9EB28D657CE0052A7FD /* Build configuration list for PBXProject "dopasiletskiyPW1" */;
			compatibilityVersion = "Xcode 14.0";
			developmentRegion = en;
			hasScannedForEncodings = 0;
			knownRegions = (
				en,
				Base,
			);
			mainGroup = E328A9E728D657CE0052A7FD;
			productRefGroup = E328A9F128D657CE0052A7FD /* Products */;
			projectDirPath = "";
			projectRoot = "";
			targets = (
				E328A9EF28D657CE0052A7FD /* dopasiletskiyPW1 */,
			);
		};
/* End PBXProject section */

/* Begin PBXResourcesBuildPhase section */
		E328A9EE28D657CE0052A7FD /* Resources */ = {
			isa = PBXResourcesBuildPhase;
			buildActionMask = 2147483647;
			files = (
				E328AA0028D657D20052A7FD /* LaunchScreen.storyboard in Resources */,
				E328A9FD28D657D20052A7FD /* Assets.xcassets in Resources */,
				E328A9FB28D657CE0052A7FD /* Main.storyboard in Resources */,
			);
			runOnlyForDeploymentPostprocessing = 0;
		};
/* End PBXResourcesBuildPhase section */

/* Begin PBXSourcesBuildPhase section */
		E328A9EC28D657CE0052A7FD /* Sources */ = {
			isa = PBXSourcesBuildPhase;
			buildActionMask = 2147483647;
			files = (
				E328A9F828D657CE0052A7FD /* ViewController.swift in Sources */,
				E328AA0B28D662A00052A7FD /* String+Random.swift in Sources */,
				E328AA0928D661B90052A7FD /* UIColor+Hex.swift in Sources */,
				E328A9F428D657CE0052A7FD /* AppDelegate.swift in Sources */,
				E328A9F628D657CE0052A7FD /* SceneDelegate.swift in Sources */,
			);
			runOnlyForDeploymentPostprocessing = 0;
		};
/* End PBXSourcesBuildPhase section */

/* Begin PBXVariantGroup section */
		E328A9F928D657CE0052A7FD /* Main.storyboard */ = {
			isa = PBXVariantGroup;
			children = (
				E328A9FA28D657CE0052A7FD /* Base */,
			);
			name = Main.storyboard;
			sourceTree = "<group>";
		};
		E328A9FE28D657D20052A7FD /* LaunchScreen.storyboard */ = {
			isa = PBXVariantGroup;
			children = (
				E328A9FF28D657D20052A7FD /* Base */,
			);
			name = LaunchScreen.storyboard;
			sourceTree = "<group>";
		};
/* End PBXVariantGroup section */

/* Begin XCBuildConfiguration section */
		E328AA0228D657D20052A7FD /* Debug */ = {
			isa = XCBuildConfiguration;
			buildSettings = {
				ALWAYS_SEARCH_USER_PATHS = NO;
				CLANG_ANALYZER_NONNULL = YES;
				CLANG_ANALYZER_NUMBER_OBJECT_CONVERSION = YES_AGGRESSIVE;
				CLANG_CXX_LANGUAGE_STANDARD = "gnu++20";
				CLANG_ENABLE_MODULES = YES;
				CLANG_ENABLE_OBJC_ARC = YES;
				CLANG_ENABLE_OBJC_WEAK = YES;
				CLANG_WARN_BLOCK_CAPTURE_AUTORELEASING = YES;
				CLANG_WARN_BOOL_CONVERSION = YES;
				CLANG_WARN_COMMA = YES;
				CLANG_WARN_CONSTANT_CONVERSION = YES;
				CLANG_WARN_DEPRECATED_OBJC_IMPLEMENTATIONS = YES;
				CLANG_WARN_DIRECT_OBJC_ISA_USAGE = YES_ERROR;
				CLANG_WARN_DOCUMENTATION_COMMENTS = YES;
				CLANG_WARN_EMPTY_BODY = YES;
				CLANG_WARN_ENUM_CONVERSION = YES;
				CLANG_WARN_INFINITE_RECURSION = YES;
				CLANG_WARN_INT_CONVERSION = YES;
				CLANG_WARN_NON_LITERAL_NULL_CONVERSION = YES;
				CLANG_WARN_OBJC_IMPLICIT_RETAIN_SELF = YES;
				CLANG_WARN_OBJC_LITERAL_CONVERSION = YES;
				CLANG_WARN_OBJC_ROOT_CLASS = YES_ERROR;
				CLANG_WARN_QUOTED_INCLUDE_IN_FRAMEWORK_HEADER = YES;
				CLANG_WARN_RANGE_LOOP_ANALYSIS = YES;
				CLANG_WARN_STRICT_PROTOTYPES = YES;
				CLANG_WARN_SUSPICIOUS_MOVE = YES;
				CLANG_WARN_UNGUARDED_AVAILABILITY = YES_AGGRESSIVE;
				CLANG_WARN_UNREACHABLE_CODE = YES;
				CLANG_WARN__DUPLICATE_METHOD_MATCH = YES;
				COPY_PHASE_STRIP = NO;
				DEBUG_INFORMATION_FORMAT = dwarf;
				ENABLE_STRICT_OBJC_MSGSEND = YES;
				ENABLE_TESTABILITY = YES;
				GCC_C_LANGUAGE_STANDARD = gnu11;
				GCC_DYNAMIC_NO_PIC = NO;
				GCC_NO_COMMON_BLOCKS = YES;
				GCC_OPTIMIZATION_LEVEL = 0;
				GCC_PREPROCESSOR_DEFINITIONS = (
					"DEBUG=1",
					"$(inherited)",
				);
				GCC_WARN_64_TO_32_BIT_CONVERSION = YES;
				GCC_WARN_ABOUT_RETURN_TYPE = YES_ERROR;
				GCC_WARN_UNDECLARED_SELECTOR = YES;
				GCC_WARN_UNINITIALIZED_AUTOS = YES_AGGRESSIVE;
				GCC_WARN_UNUSED_FUNCTION = YES;
				GCC_WARN_UNUSED_VARIABLE = YES;
				IPHONEOS_DEPLOYMENT_TARGET = 16.0;
				MTL_ENABLE_DEBUG_INFO = INCLUDE_SOURCE;
				MTL_FAST_MATH = YES;
				ONLY_ACTIVE_ARCH = YES;
				SDKROOT = iphoneos;
				SWIFT_ACTIVE_COMPILATION_CONDITIONS = DEBUG;
				SWIFT_OPTIMIZATION_LEVEL = "-Onone";
			};
			name = Debug;
		};
		E328AA0328D657D20052A7FD /* Release */ = {
			isa = XCBuildConfiguration;
			buildSettings = {
				ALWAYS_SEARCH_USER_PATHS = NO;
				CLANG_ANALYZER_NONNULL = YES;
				CLANG_ANALYZER_NUMBER_OBJECT_CONVERSION = YES_AGGRESSIVE;
				CLANG_CXX_LANGUAGE_STANDARD = "gnu++20";
				CLANG_ENABLE_MODULES = YES;
				CLANG_ENABLE_OBJC_ARC = YES;
				CLANG_ENABLE_OBJC_WEAK = YES;
				CLANG_WARN_BLOCK_CAPTURE_AUTORELEASING = YES;
				CLANG_WARN_BOOL_CONVERSION = YES;
				CLANG_WARN_COMMA = YES;
				CLANG_WARN_CONSTANT_CONVERSION = YES;
				CLANG_WARN_DEPRECATED_OBJC_IMPLEMENTATIONS = YES;
				CLANG_WARN_DIRECT_OBJC_ISA_USAGE = YES_ERROR;
				CLANG_WARN_DOCUMENTATION_COMMENTS = YES;
				CLANG_WARN_EMPTY_BODY = YES;
				CLANG_WARN_ENUM_CONVERSION = YES;
				CLANG_WARN_INFINITE_RECURSION = YES;
				CLANG_WARN_INT_CONVERSION = YES;
				CLANG_WARN_NON_LITERAL_NULL_CONVERSION = YES;
				CLANG_WARN_OBJC_IMPLICIT_RETAIN_SELF = YES;
				CLANG_WARN_OBJC_LITERAL_CONVERSION = YES;
				CLANG_WARN_OBJC_ROOT_CLASS = YES_ERROR;
				CLANG_WARN_QUOTED_INCLUDE_IN_FRAMEWORK_HEADER = YES;
				CLANG_WARN_RANGE_LOOP_ANALYSIS = YES;
				CLANG_WARN_STRICT_PROTOTYPES = YES;
				CLANG_WARN_SUSPICIOUS_MOVE = YES;
				CLANG_WARN_UNGUARDED_AVAILABILITY = YES_AGGRESSIVE;
				CLANG_WARN_UNREACHABLE_CODE = YES;
				CLANG_WARN__DUPLICATE_METHOD_MATCH = YES;
				COPY_PHASE_STRIP = NO;
				DEBUG_INFORMATION_FORMAT = "dwarf-with-dsym";
				ENABLE_NS_ASSERTIONS = NO;
				ENABLE_STRICT_OBJC_MSGSEND = YES;
				GCC_C_LANGUAGE_STANDARD = gnu11;
				GCC_NO_COMMON_BLOCKS = YES;
				GCC_WARN_64_TO_32_BIT_CONVERSION = YES;
				GCC_WARN_ABOUT_RETURN_TYPE = YES_ERROR;
				GCC_WARN_UNDECLARED_SELECTOR = YES;
				GCC_WARN_UNINITIALIZED_AUTOS = YES_AGGRESSIVE;
				GCC_WARN_UNUSED_FUNCTION = YES;
				GCC_WARN_UNUSED_VARIABLE = YES;
				IPHONEOS_DEPLOYMENT_TARGET = 16.0;
				MTL_ENABLE_DEBUG_INFO = NO;
				MTL_FAST_MATH = YES;
				SDKROOT = iphoneos;
				SWIFT_COMPILATION_MODE = wholemodule;
				SWIFT_OPTIMIZATION_LEVEL = "-O";
				VALIDATE_PRODUCT = YES;
			};
			name = Release;
		};
		E328AA0528D657D20052A7FD /* Debug */ = {
			isa = XCBuildConfiguration;
			buildSettings = {
				ASSETCATALOG_COMPILER_APPICON_NAME = AppIcon;
				ASSETCATALOG_COMPILER_GLOBAL_ACCENT_COLOR_NAME = AccentColor;
				CODE_SIGN_STYLE = Automatic;
				CURRENT_PROJECT_VERSION = 1;
				DEVELOPMENT_TEAM = LJQ6356456;
				GENERATE_INFOPLIST_FILE = YES;
				INFOPLIST_FILE = dopasiletskiyPW1/Info.plist;
				INFOPLIST_KEY_UIApplicationSupportsIndirectInputEvents = YES;
				INFOPLIST_KEY_UILaunchStoryboardName = LaunchScreen;
				INFOPLIST_KEY_UIMainStoryboardFile = Main;
				INFOPLIST_KEY_UISupportedInterfaceOrientations_iPad = "UIInterfaceOrientationPortrait UIInterfaceOrientationPortraitUpsideDown UIInterfaceOrientationLandscapeLeft UIInterfaceOrientationLandscapeRight";
				INFOPLIST_KEY_UISupportedInterfaceOrientations_iPhone = "UIInterfaceOrientationPortrait UIInterfaceOrientationLandscapeLeft UIInterfaceOrientationLandscapeRight";
				IPHONEOS_DEPLOYMENT_TARGET = 15.0;
				LD_RUNPATH_SEARCH_PATHS = (
					"$(inherited)",
					"@executable_path/Frameworks",
				);
				MARKETING_VERSION = 1.0;
				PRODUCT_BUNDLE_IDENTIFIER = ru.hse.cs.dopasiletskiyPW1;
				PRODUCT_NAME = "$(TARGET_NAME)";
				SWIFT_EMIT_LOC_STRINGS = YES;
				SWIFT_VERSION = 5.0;
				TARGETED_DEVICE_FAMILY = "1,2";
			};
			name = Debug;
		};
		E328AA0628D657D20052A7FD /* Release */ = {
			isa = XCBuildConfiguration;
			buildSettings = {
				ASSETCATALOG_COMPILER_APPICON_NAME = AppIcon;
				ASSETCATALOG_COMPILER_GLOBAL_ACCENT_COLOR_NAME = AccentColor;
				CODE_SIGN_STYLE = Automatic;
				CURRENT_PROJECT_VERSION = 1;
				DEVELOPMENT_TEAM = LJQ6356456;
				GENERATE_INFOPLIST_FILE = YES;
				INFOPLIST_FILE = dopasiletskiyPW1/Info.plist;
				INFOPLIST_KEY_UIApplicationSupportsIndirectInputEvents = YES;
				INFOPLIST_KEY_UILaunchStoryboardName = LaunchScreen;
				INFOPLIST_KEY_UIMainStoryboardFile = Main;
				INFOPLIST_KEY_UISupportedInterfaceOrientations_iPad = "UIInterfaceOrientationPortrait UIInterfaceOrientationPortraitUpsideDown UIInterfaceOrientationLandscapeLeft UIInterfaceOrientationLandscapeRight";
				INFOPLIST_KEY_UISupportedInterfaceOrientations_iPhone = "UIInterfaceOrientationPortrait UIInterfaceOrientationLandscapeLeft UIInterfaceOrientationLandscapeRight";
				IPHONEOS_DEPLOYMENT_TARGET = 15.0;
				LD_RUNPATH_SEARCH_PATHS = (
					"$(inherited)",
					"@executable_path/Frameworks",
				);
				MARKETING_VERSION = 1.0;
				PRODUCT_BUNDLE_IDENTIFIER = ru.hse.cs.dopasiletskiyPW1;
				PRODUCT_NAME = "$(TARGET_NAME)";
				SWIFT_EMIT_LOC_STRINGS = YES;
				SWIFT_VERSION = 5.0;
				TARGETED_DEVICE_FAMILY = "1,2";
			};
			name = Release;
		};
/* End XCBuildConfiguration section */

/* Begin XCConfigurationList section */
		E328A9EB28D657CE0052A7FD /* Build configuration list for PBXProject "dopasiletskiyPW1" */ = {
			isa = XCConfigurationList;
			buildConfigurations = (
				E328AA0228D657D20052A7FD /* Debug */,
				E328AA0328D657D20052A7FD /* Release */,
			);
			defaultConfigurationIsVisible = 0;
			defaultConfigurationName = Release;
		};
		E328AA0428D657D20052A7FD /* Build configuration list for PBXNativeTarget "dopasiletskiyPW1" */ = {
			isa = XCConfigurationList;
			buildConfigurations = (
				E328AA0528D657D20052A7FD /* Debug */,
				E328AA0628D657D20052A7FD /* Release */,
			);
			defaultConfigurationIsVisible = 0;
			defaultConfigurationName = Release;
		};
/* End XCConfigurationList section */
	};
	rootObject = E328A9E828D657CE0052A7FD /* Project object */;
}
